{
  "version": 4,
  "terraform_version": "1.6.4",
  "serial": 3,
  "lineage": "d4ba88e1-4282-2939-f270-42a98af2b15b",
  "outputs": {},
  "resources": [
    {
      "mode": "managed",
      "type": "local_file",
      "name": "pet",
      "provider": "provider[\"registry.terraform.io/hashicorp/local\"]",
      "instances": [
        {
          "schema_version": 0,
          "attributes": {
            "content": "I dont like pets!",
            "content_base64": null,
            "content_base64sha256": "ygPQY4yVJJBlrNs65mFN9TWwGET8/k7xonM9kXWaBBw=",
            "content_base64sha512": "brLNVsbvSGC5OySwQF9UZmNlulbVN+x5fFKt00C1NW6FzP/rLNxTtO2JRB8MoIBdHacn0cize4pi0Qm/Ruw0Dw==",
            "content_md5": "01e18abb6c277cdc8678edc0f8f58b0f",
            "content_sha1": "3b0b72e2ba2b97d4e0c21da328bc71ada023cb1a",
            "content_sha256": "ca03d0638c95249065acdb3ae6614df535b01844fcfe4ef1a2733d91759a041c",
            "content_sha512": "6eb2cd56c6ef4860b93b24b0405f54666365ba56d537ec797c52add340b5356e85ccffeb2cdc53b4ed89441f0ca0805d1da727d1c8b37b8a62d109bf46ec340f",
            "directory_permission": "0777",
            "file_permission": "0777",
            "filename": "pets.txt",
            "id": "3b0b72e2ba2b97d4e0c21da328bc71ada023cb1a",
            "sensitive_content": null,
            "source": null
          },
          "sensitive_attributes": []
        }
      ]
    }
  ],
  "check_results": null
}
